
Microsoft Visual Studio Solution File, Format Version 12.00
# Visual Studio Version 16
VisualStudioVersion = 16.0.29709.97
MinimumVisualStudioVersion = 10.0.40219.1
Project("{9A19103F-16F7-4668-BE54-9A1E7A4F7556}") = "RegressionPackUITests", "RegressionPackUITests\RegressionPackUITests.csproj", "{4849E91F-9083-42F9-A440-197270BD1A10}"
EndProject
Global
	GlobalSection(SolutionConfigurationPlatforms) = preSolution
		Debug|Any CPU = Debug|Any CPU
		Release|Any CPU = Release|Any CPU
	EndGlobalSection
	GlobalSection(ProjectConfigurationPlatforms) = postSolution
		{4849E91F-9083-42F9-A440-197270BD1A10}.Debug|Any CPU.ActiveCfg = Debug|Any CPU
		{4849E91F-9083-42F9-A440-197270BD1A10}.Debug|Any CPU.Build.0 = Debug|Any CPU
		{4849E91F-9083-42F9-A440-197270BD1A10}.Release|Any CPU.ActiveCfg = Release|Any CPU
		{4849E91F-9083-42F9-A440-197270BD1A10}.Release|Any CPU.Build.0 = Release|Any CPU
	EndGlobalSection
	GlobalSection(SolutionProperties) = preSolution
		HideSolutionNode = FALSE
	EndGlobalSection
	GlobalSection(ExtensibilityGlobals) = postSolution
		SolutionGuid = {C4929905-DD7B-457C-B34E-73E137C33B4C}
	EndGlobalSection
EndGlobal
